
Microsoft Visual Studio Solution File, Format Version 12.00
# Visual Studio Version 16
VisualStudioVersion = 16.0.31105.61
MinimumVisualStudioVersion = 10.0.40219.1
Project("{FAE04EC0-301F-11D3-BF4B-00C04F79EFBC}") = "WebApi1", "WebApi1\WebApi1.csproj", "{CC9EF998-6388-452C-9592-ABBADA845916}"
EndProject
Global
	GlobalSection(SolutionConfigurationPlatforms) = preSolution
		Debug|Any CPU = Debug|Any CPU
		Release|Any CPU = Release|Any CPU
	EndGlobalSection
	GlobalSection(ProjectConfigurationPlatforms) = postSolution
		{CC9EF998-6388-452C-9592-ABBADA845916}.Debug|Any CPU.ActiveCfg = Debug|Any CPU
		{CC9EF998-6388-452C-9592-ABBADA845916}.Debug|Any CPU.Build.0 = Debug|Any CPU
		{CC9EF998-6388-452C-9592-ABBADA845916}.Release|Any CPU.ActiveCfg = Release|Any CPU
		{CC9EF998-6388-452C-9592-ABBADA845916}.Release|Any CPU.Build.0 = Release|Any CPU
	EndGlobalSection
	GlobalSection(SolutionProperties) = preSolution
		HideSolutionNode = FALSE
	EndGlobalSection
	GlobalSection(ExtensibilityGlobals) = postSolution
		SolutionGuid = {CB7743F8-6043-484C-8741-43CC4E4B962E}
	EndGlobalSection
EndGlobal
